
Microsoft Visual Studio Solution File, Format Version 12.00
# Visual Studio 14
VisualStudioVersion = 14.0.23107.0
MinimumVisualStudioVersion = 10.0.40219.1
Project("{FAE04EC0-301F-11D3-BF4B-00C04F79EFBC}") = "Sparrow.Service", "Sparrow\Sparrow.Service.csproj", "{51622B10-FF64-47E8-B85D-FD6325688D95}"
EndProject
Project("{FAE04EC0-301F-11D3-BF4B-00C04F79EFBC}") = "Sparrow.Service.Tests", "Sparrow.Tests\Sparrow.Service.Tests.csproj", "{063D35E7-C8D5-4283-AE91-6B59047B543E}"
EndProject
Project("{262852C6-CD72-467D-83FE-5EEB1973A190}") = "Sparrow.Web.App", "Sparrow.Web.App\Sparrow.Web.App.jsproj", "{99CE470A-B742-4555-9777-24E05076B891}"
EndProject
Project("{FAE04EC0-301F-11D3-BF4B-00C04F79EFBC}") = "Sparrow.BLL", "Sparrow.BLL\Sparrow.BLL.csproj", "{CF3D5C5C-4B1B-4713-84F5-C9E8B397A975}"
EndProject
Project("{FAE04EC0-301F-11D3-BF4B-00C04F79EFBC}") = "Sparrow.Data", "Sparrow.Data\Sparrow.Data.csproj", "{23FF3F9F-AD71-4BE1-8368-CEB1C24910C7}"
EndProject
Project("{FAE04EC0-301F-11D3-BF4B-00C04F79EFBC}") = "Sparrow.Data.Tests", "Sparrow.Data.Tests\Sparrow.Data.Tests.csproj", "{3709A894-EB73-4820-9D82-69BDD49C7716}"
EndProject
Global
	GlobalSection(SolutionConfigurationPlatforms) = preSolution
		Debug|Android = Debug|Android
		Debug|Any CPU = Debug|Any CPU
		Debug|iOS = Debug|iOS
		Debug|iPhone = Debug|iPhone
		Debug|iPhoneSimulator = Debug|iPhoneSimulator
		Debug|Mixed Platforms = Debug|Mixed Platforms
		Debug|Windows Phone (Universal) = Debug|Windows Phone (Universal)
		Debug|Windows Phone 8 = Debug|Windows Phone 8
		Debug|Windows-AnyCPU = Debug|Windows-AnyCPU
		Debug|Windows-ARM = Debug|Windows-ARM
		Debug|Windows-x64 = Debug|Windows-x64
		Debug|Windows-x86 = Debug|Windows-x86
		Distribution|Android = Distribution|Android
		Distribution|Any CPU = Distribution|Any CPU
		Distribution|iOS = Distribution|iOS
		Distribution|iPhone = Distribution|iPhone
		Distribution|iPhoneSimulator = Distribution|iPhoneSimulator
		Distribution|Mixed Platforms = Distribution|Mixed Platforms
		Distribution|Windows Phone (Universal) = Distribution|Windows Phone (Universal)
		Distribution|Windows Phone 8 = Distribution|Windows Phone 8
		Distribution|Windows-AnyCPU = Distribution|Windows-AnyCPU
		Distribution|Windows-ARM = Distribution|Windows-ARM
		Distribution|Windows-x64 = Distribution|Windows-x64
		Distribution|Windows-x86 = Distribution|Windows-x86
		Release|Android = Release|Android
		Release|Any CPU = Release|Any CPU
		Release|iOS = Release|iOS
		Release|iPhone = Release|iPhone
		Release|iPhoneSimulator = Release|iPhoneSimulator
		Release|Mixed Platforms = Release|Mixed Platforms
		Release|Windows Phone (Universal) = Release|Windows Phone (Universal)
		Release|Windows Phone 8 = Release|Windows Phone 8
		Release|Windows-AnyCPU = Release|Windows-AnyCPU
		Release|Windows-ARM = Release|Windows-ARM
		Release|Windows-x64 = Release|Windows-x64
		Release|Windows-x86 = Release|Windows-x86
	EndGlobalSection
	GlobalSection(ProjectConfigurationPlatforms) = postSolution
		{51622B10-FF64-47E8-B85D-FD6325688D95}.Debug|Android.ActiveCfg = Debug|Any CPU
		{51622B10-FF64-47E8-B85D-FD6325688D95}.Debug|Any CPU.ActiveCfg = Debug|Any CPU
		{51622B10-FF64-47E8-B85D-FD6325688D95}.Debug|Any CPU.Build.0 = Debug|Any CPU
		{51622B10-FF64-47E8-B85D-FD6325688D95}.Debug|iOS.ActiveCfg = Debug|Any CPU
		{51622B10-FF64-47E8-B85D-FD6325688D95}.Debug|iPhone.ActiveCfg = Debug|Any CPU
		{51622B10-FF64-47E8-B85D-FD6325688D95}.Debug|iPhoneSimulator.ActiveCfg = Debug|Any CPU
		{51622B10-FF64-47E8-B85D-FD6325688D95}.Debug|Mixed Platforms.ActiveCfg = Debug|Any CPU
		{51622B10-FF64-47E8-B85D-FD6325688D95}.Debug|Mixed Platforms.Build.0 = Debug|Any CPU
		{51622B10-FF64-47E8-B85D-FD6325688D95}.Debug|Windows Phone (Universal).ActiveCfg = Debug|Any CPU
		{51622B10-FF64-47E8-B85D-FD6325688D95}.Debug|Windows Phone 8.ActiveCfg = Debug|Any CPU
		{51622B10-FF64-47E8-B85D-FD6325688D95}.Debug|Windows-AnyCPU.ActiveCfg = Debug|Any CPU
		{51622B10-FF64-47E8-B85D-FD6325688D95}.Debug|Windows-ARM.ActiveCfg = Debug|Any CPU
		{51622B10-FF64-47E8-B85D-FD6325688D95}.Debug|Windows-x64.ActiveCfg = Debug|Any CPU
		{51622B10-FF64-47E8-B85D-FD6325688D95}.Debug|Windows-x86.ActiveCfg = Debug|Any CPU
		{51622B10-FF64-47E8-B85D-FD6325688D95}.Distribution|Android.ActiveCfg = Debug|Any CPU
		{51622B10-FF64-47E8-B85D-FD6325688D95}.Distribution|Any CPU.ActiveCfg = Debug|Any CPU
		{51622B10-FF64-47E8-B85D-FD6325688D95}.Distribution|Any CPU.Build.0 = Debug|Any CPU
		{51622B10-FF64-47E8-B85D-FD6325688D95}.Distribution|iOS.ActiveCfg = Debug|Any CPU
		{51622B10-FF64-47E8-B85D-FD6325688D95}.Distribution|iPhone.ActiveCfg = Debug|Any CPU
		{51622B10-FF64-47E8-B85D-FD6325688D95}.Distribution|iPhoneSimulator.ActiveCfg = Debug|Any CPU
		{51622B10-FF64-47E8-B85D-FD6325688D95}.Distribution|Mixed Platforms.ActiveCfg = Debug|Any CPU
		{51622B10-FF64-47E8-B85D-FD6325688D95}.Distribution|Mixed Platforms.Build.0 = Debug|Any CPU
		{51622B10-FF64-47E8-B85D-FD6325688D95}.Distribution|Windows Phone (Universal).ActiveCfg = Debug|Any CPU
		{51622B10-FF64-47E8-B85D-FD6325688D95}.Distribution|Windows Phone 8.ActiveCfg = Debug|Any CPU
		{51622B10-FF64-47E8-B85D-FD6325688D95}.Distribution|Windows-AnyCPU.ActiveCfg = Debug|Any CPU
		{51622B10-FF64-47E8-B85D-FD6325688D95}.Distribution|Windows-ARM.ActiveCfg = Debug|Any CPU
		{51622B10-FF64-47E8-B85D-FD6325688D95}.Distribution|Windows-x64.ActiveCfg = Debug|Any CPU
		{51622B10-FF64-47E8-B85D-FD6325688D95}.Distribution|Windows-x86.ActiveCfg = Debug|Any CPU
		{51622B10-FF64-47E8-B85D-FD6325688D95}.Release|Android.ActiveCfg = Release|Any CPU
		{51622B10-FF64-47E8-B85D-FD6325688D95}.Release|Any CPU.ActiveCfg = Release|Any CPU
		{51622B10-FF64-47E8-B85D-FD6325688D95}.Release|Any CPU.Build.0 = Release|Any CPU
		{51622B10-FF64-47E8-B85D-FD6325688D95}.Release|iOS.ActiveCfg = Release|Any CPU
		{51622B10-FF64-47E8-B85D-FD6325688D95}.Release|iPhone.ActiveCfg = Release|Any CPU
		{51622B10-FF64-47E8-B85D-FD6325688D95}.Release|iPhoneSimulator.ActiveCfg = Release|Any CPU
		{51622B10-FF64-47E8-B85D-FD6325688D95}.Release|Mixed Platforms.ActiveCfg = Release|Any CPU
		{51622B10-FF64-47E8-B85D-FD6325688D95}.Release|Mixed Platforms.Build.0 = Release|Any CPU
		{51622B10-FF64-47E8-B85D-FD6325688D95}.Release|Windows Phone (Universal).ActiveCfg = Release|Any CPU
		{51622B10-FF64-47E8-B85D-FD6325688D95}.Release|Windows Phone 8.ActiveCfg = Release|Any CPU
		{51622B10-FF64-47E8-B85D-FD6325688D95}.Release|Windows-AnyCPU.ActiveCfg = Release|Any CPU
		{51622B10-FF64-47E8-B85D-FD6325688D95}.Release|Windows-ARM.ActiveCfg = Release|Any CPU
		{51622B10-FF64-47E8-B85D-FD6325688D95}.Release|Windows-x64.ActiveCfg = Release|Any CPU
		{51622B10-FF64-47E8-B85D-FD6325688D95}.Release|Windows-x86.ActiveCfg = Release|Any CPU
		{063D35E7-C8D5-4283-AE91-6B59047B543E}.Debug|Android.ActiveCfg = Debug|Any CPU
		{063D35E7-C8D5-4283-AE91-6B59047B543E}.Debug|Any CPU.ActiveCfg = Debug|Any CPU
		{063D35E7-C8D5-4283-AE91-6B59047B543E}.Debug|Any CPU.Build.0 = Debug|Any CPU
		{063D35E7-C8D5-4283-AE91-6B59047B543E}.Debug|iOS.ActiveCfg = Debug|Any CPU
		{063D35E7-C8D5-4283-AE91-6B59047B543E}.Debug|iPhone.ActiveCfg = Debug|Any CPU
		{063D35E7-C8D5-4283-AE91-6B59047B543E}.Debug|iPhoneSimulator.ActiveCfg = Debug|Any CPU
		{063D35E7-C8D5-4283-AE91-6B59047B543E}.Debug|Mixed Platforms.ActiveCfg = Debug|Any CPU
		{063D35E7-C8D5-4283-AE91-6B59047B543E}.Debug|Mixed Platforms.Build.0 = Debug|Any CPU
		{063D35E7-C8D5-4283-AE91-6B59047B543E}.Debug|Windows Phone (Universal).ActiveCfg = Debug|Any CPU
		{063D35E7-C8D5-4283-AE91-6B59047B543E}.Debug|Windows Phone 8.ActiveCfg = Debug|Any CPU
		{063D35E7-C8D5-4283-AE91-6B59047B543E}.Debug|Windows-AnyCPU.ActiveCfg = Debug|Any CPU
		{063D35E7-C8D5-4283-AE91-6B59047B543E}.Debug|Windows-ARM.ActiveCfg = Debug|Any CPU
		{063D35E7-C8D5-4283-AE91-6B59047B543E}.Debug|Windows-x64.ActiveCfg = Debug|Any CPU
		{063D35E7-C8D5-4283-AE91-6B59047B543E}.Debug|Windows-x86.ActiveCfg = Debug|Any CPU
		{063D35E7-C8D5-4283-AE91-6B59047B543E}.Distribution|Android.ActiveCfg = Debug|Any CPU
		{063D35E7-C8D5-4283-AE91-6B59047B543E}.Distribution|Any CPU.ActiveCfg = Debug|Any CPU
		{063D35E7-C8D5-4283-AE91-6B59047B543E}.Distribution|Any CPU.Build.0 = Debug|Any CPU
		{063D35E7-C8D5-4283-AE91-6B59047B543E}.Distribution|iOS.ActiveCfg = Debug|Any CPU
		{063D35E7-C8D5-4283-AE91-6B59047B543E}.Distribution|iPhone.ActiveCfg = Debug|Any CPU
		{063D35E7-C8D5-4283-AE91-6B59047B543E}.Distribution|iPhoneSimulator.ActiveCfg = Debug|Any CPU
		{063D35E7-C8D5-4283-AE91-6B59047B543E}.Distribution|Mixed Platforms.ActiveCfg = Debug|Any CPU
		{063D35E7-C8D5-4283-AE91-6B59047B543E}.Distribution|Mixed Platforms.Build.0 = Debug|Any CPU
		{063D35E7-C8D5-4283-AE91-6B59047B543E}.Distribution|Windows Phone (Universal).ActiveCfg = Debug|Any CPU
		{063D35E7-C8D5-4283-AE91-6B59047B543E}.Distribution|Windows Phone 8.ActiveCfg = Debug|Any CPU
		{063D35E7-C8D5-4283-AE91-6B59047B543E}.Distribution|Windows-AnyCPU.ActiveCfg = Debug|Any CPU
		{063D35E7-C8D5-4283-AE91-6B59047B543E}.Distribution|Windows-ARM.ActiveCfg = Debug|Any CPU
		{063D35E7-C8D5-4283-AE91-6B59047B543E}.Distribution|Windows-x64.ActiveCfg = Debug|Any CPU
		{063D35E7-C8D5-4283-AE91-6B59047B543E}.Distribution|Windows-x86.ActiveCfg = Debug|Any CPU
		{063D35E7-C8D5-4283-AE91-6B59047B543E}.Release|Android.ActiveCfg = Release|Any CPU
		{063D35E7-C8D5-4283-AE91-6B59047B543E}.Release|Any CPU.ActiveCfg = Release|Any CPU
		{063D35E7-C8D5-4283-AE91-6B59047B543E}.Release|Any CPU.Build.0 = Release|Any CPU
		{063D35E7-C8D5-4283-AE91-6B59047B543E}.Release|iOS.ActiveCfg = Release|Any CPU
		{063D35E7-C8D5-4283-AE91-6B59047B543E}.Release|iPhone.ActiveCfg = Release|Any CPU
		{063D35E7-C8D5-4283-AE91-6B59047B543E}.Release|iPhoneSimulator.ActiveCfg = Release|Any CPU
		{063D35E7-C8D5-4283-AE91-6B59047B543E}.Release|Mixed Platforms.ActiveCfg = Release|Any CPU
		{063D35E7-C8D5-4283-AE91-6B59047B543E}.Release|Mixed Platforms.Build.0 = Release|Any CPU
		{063D35E7-C8D5-4283-AE91-6B59047B543E}.Release|Windows Phone (Universal).ActiveCfg = Release|Any CPU
		{063D35E7-C8D5-4283-AE91-6B59047B543E}.Release|Windows Phone 8.ActiveCfg = Release|Any CPU
		{063D35E7-C8D5-4283-AE91-6B59047B543E}.Release|Windows-AnyCPU.ActiveCfg = Release|Any CPU
		{063D35E7-C8D5-4283-AE91-6B59047B543E}.Release|Windows-ARM.ActiveCfg = Release|Any CPU
		{063D35E7-C8D5-4283-AE91-6B59047B543E}.Release|Windows-x64.ActiveCfg = Release|Any CPU
		{063D35E7-C8D5-4283-AE91-6B59047B543E}.Release|Windows-x86.ActiveCfg = Release|Any CPU
		{99CE470A-B742-4555-9777-24E05076B891}.Debug|Android.ActiveCfg = Debug|Android
		{99CE470A-B742-4555-9777-24E05076B891}.Debug|Android.Build.0 = Debug|Android
		{99CE470A-B742-4555-9777-24E05076B891}.Debug|Android.Deploy.0 = Debug|Android
		{99CE470A-B742-4555-9777-24E05076B891}.Debug|Any CPU.ActiveCfg = Debug|Android
		{99CE470A-B742-4555-9777-24E05076B891}.Debug|iOS.ActiveCfg = Debug|iOS
		{99CE470A-B742-4555-9777-24E05076B891}.Debug|iOS.Build.0 = Debug|iOS
		{99CE470A-B742-4555-9777-24E05076B891}.Debug|iOS.Deploy.0 = Debug|iOS
		{99CE470A-B742-4555-9777-24E05076B891}.Debug|iPhone.ActiveCfg = Debug|iOS
		{99CE470A-B742-4555-9777-24E05076B891}.Debug|iPhoneSimulator.ActiveCfg = Debug|iOS
		{99CE470A-B742-4555-9777-24E05076B891}.Debug|Mixed Platforms.ActiveCfg = Debug|Android
		{99CE470A-B742-4555-9777-24E05076B891}.Debug|Mixed Platforms.Build.0 = Debug|Android
		{99CE470A-B742-4555-9777-24E05076B891}.Debug|Mixed Platforms.Deploy.0 = Debug|Android
		{99CE470A-B742-4555-9777-24E05076B891}.Debug|Windows Phone (Universal).ActiveCfg = Debug|Windows Phone (Universal)
		{99CE470A-B742-4555-9777-24E05076B891}.Debug|Windows Phone (Universal).Build.0 = Debug|Windows Phone (Universal)
		{99CE470A-B742-4555-9777-24E05076B891}.Debug|Windows Phone (Universal).Deploy.0 = Debug|Windows Phone (Universal)
		{99CE470A-B742-4555-9777-24E05076B891}.Debug|Windows Phone 8.ActiveCfg = Debug|Windows Phone 8
		{99CE470A-B742-4555-9777-24E05076B891}.Debug|Windows Phone 8.Build.0 = Debug|Windows Phone 8
		{99CE470A-B742-4555-9777-24E05076B891}.Debug|Windows Phone 8.Deploy.0 = Debug|Windows Phone 8
		{99CE470A-B742-4555-9777-24E05076B891}.Debug|Windows-AnyCPU.ActiveCfg = Debug|Windows-AnyCPU
		{99CE470A-B742-4555-9777-24E05076B891}.Debug|Windows-AnyCPU.Build.0 = Debug|Windows-AnyCPU
		{99CE470A-B742-4555-9777-24E05076B891}.Debug|Windows-AnyCPU.Deploy.0 = Debug|Windows-AnyCPU
		{99CE470A-B742-4555-9777-24E05076B891}.Debug|Windows-ARM.ActiveCfg = Debug|Windows-ARM
		{99CE470A-B742-4555-9777-24E05076B891}.Debug|Windows-ARM.Build.0 = Debug|Windows-ARM
		{99CE470A-B742-4555-9777-24E05076B891}.Debug|Windows-ARM.Deploy.0 = Debug|Windows-ARM
		{99CE470A-B742-4555-9777-24E05076B891}.Debug|Windows-x64.ActiveCfg = Debug|Windows-x64
		{99CE470A-B742-4555-9777-24E05076B891}.Debug|Windows-x64.Build.0 = Debug|Windows-x64
		{99CE470A-B742-4555-9777-24E05076B891}.Debug|Windows-x64.Deploy.0 = Debug|Windows-x64
		{99CE470A-B742-4555-9777-24E05076B891}.Debug|Windows-x86.ActiveCfg = Debug|Windows-x86
		{99CE470A-B742-4555-9777-24E05076B891}.Debug|Windows-x86.Build.0 = Debug|Windows-x86
		{99CE470A-B742-4555-9777-24E05076B891}.Debug|Windows-x86.Deploy.0 = Debug|Windows-x86
		{99CE470A-B742-4555-9777-24E05076B891}.Distribution|Android.ActiveCfg = Distribution|Android
		{99CE470A-B742-4555-9777-24E05076B891}.Distribution|Android.Build.0 = Distribution|Android
		{99CE470A-B742-4555-9777-24E05076B891}.Distribution|Android.Deploy.0 = Distribution|Android
		{99CE470A-B742-4555-9777-24E05076B891}.Distribution|Any CPU.ActiveCfg = Distribution|Android
		{99CE470A-B742-4555-9777-24E05076B891}.Distribution|iOS.ActiveCfg = Distribution|iOS
		{99CE470A-B742-4555-9777-24E05076B891}.Distribution|iOS.Build.0 = Distribution|iOS
		{99CE470A-B742-4555-9777-24E05076B891}.Distribution|iOS.Deploy.0 = Distribution|iOS
		{99CE470A-B742-4555-9777-24E05076B891}.Distribution|iPhone.ActiveCfg = Distribution|iOS
		{99CE470A-B742-4555-9777-24E05076B891}.Distribution|iPhoneSimulator.ActiveCfg = Distribution|iOS
		{99CE470A-B742-4555-9777-24E05076B891}.Distribution|Mixed Platforms.ActiveCfg = Distribution|Windows Phone (Universal)
		{99CE470A-B742-4555-9777-24E05076B891}.Distribution|Mixed Platforms.Build.0 = Distribution|Windows Phone (Universal)
		{99CE470A-B742-4555-9777-24E05076B891}.Distribution|Mixed Platforms.Deploy.0 = Distribution|Windows Phone (Universal)
		{99CE470A-B742-4555-9777-24E05076B891}.Distribution|Windows Phone (Universal).ActiveCfg = Distribution|Windows Phone (Universal)
		{99CE470A-B742-4555-9777-24E05076B891}.Distribution|Windows Phone (Universal).Build.0 = Distribution|Windows Phone (Universal)
		{99CE470A-B742-4555-9777-24E05076B891}.Distribution|Windows Phone (Universal).Deploy.0 = Distribution|Windows Phone (Universal)
		{99CE470A-B742-4555-9777-24E05076B891}.Distribution|Windows Phone 8.ActiveCfg = Distribution|Windows Phone 8
		{99CE470A-B742-4555-9777-24E05076B891}.Distribution|Windows Phone 8.Build.0 = Distribution|Windows Phone 8
		{99CE470A-B742-4555-9777-24E05076B891}.Distribution|Windows Phone 8.Deploy.0 = Distribution|Windows Phone 8
		{99CE470A-B742-4555-9777-24E05076B891}.Distribution|Windows-AnyCPU.ActiveCfg = Distribution|Windows-AnyCPU
		{99CE470A-B742-4555-9777-24E05076B891}.Distribution|Windows-AnyCPU.Build.0 = Distribution|Windows-AnyCPU
		{99CE470A-B742-4555-9777-24E05076B891}.Distribution|Windows-AnyCPU.Deploy.0 = Distribution|Windows-AnyCPU
		{99CE470A-B742-4555-9777-24E05076B891}.Distribution|Windows-ARM.ActiveCfg = Distribution|Windows-ARM
		{99CE470A-B742-4555-9777-24E05076B891}.Distribution|Windows-ARM.Build.0 = Distribution|Windows-ARM
		{99CE470A-B742-4555-9777-24E05076B891}.Distribution|Windows-ARM.Deploy.0 = Distribution|Windows-ARM
		{99CE470A-B742-4555-9777-24E05076B891}.Distribution|Windows-x64.ActiveCfg = Distribution|Windows-x64
		{99CE470A-B742-4555-9777-24E05076B891}.Distribution|Windows-x64.Build.0 = Distribution|Windows-x64
		{99CE470A-B742-4555-9777-24E05076B891}.Distribution|Windows-x64.Deploy.0 = Distribution|Windows-x64
		{99CE470A-B742-4555-9777-24E05076B891}.Distribution|Windows-x86.ActiveCfg = Distribution|Windows-x86
		{99CE470A-B742-4555-9777-24E05076B891}.Distribution|Windows-x86.Build.0 = Distribution|Windows-x86
		{99CE470A-B742-4555-9777-24E05076B891}.Distribution|Windows-x86.Deploy.0 = Distribution|Windows-x86
		{99CE470A-B742-4555-9777-24E05076B891}.Release|Android.ActiveCfg = Release|Android
		{99CE470A-B742-4555-9777-24E05076B891}.Release|Android.Build.0 = Release|Android
		{99CE470A-B742-4555-9777-24E05076B891}.Release|Android.Deploy.0 = Release|Android
		{99CE470A-B742-4555-9777-24E05076B891}.Release|Any CPU.ActiveCfg = Release|Android
		{99CE470A-B742-4555-9777-24E05076B891}.Release|iOS.ActiveCfg = Release|iOS
		{99CE470A-B742-4555-9777-24E05076B891}.Release|iOS.Build.0 = Release|iOS
		{99CE470A-B742-4555-9777-24E05076B891}.Release|iOS.Deploy.0 = Release|iOS
		{99CE470A-B742-4555-9777-24E05076B891}.Release|iPhone.ActiveCfg = Release|iOS
		{99CE470A-B742-4555-9777-24E05076B891}.Release|iPhoneSimulator.ActiveCfg = Release|iOS
		{99CE470A-B742-4555-9777-24E05076B891}.Release|Mixed Platforms.ActiveCfg = Release|Android
		{99CE470A-B742-4555-9777-24E05076B891}.Release|Mixed Platforms.Build.0 = Release|Android
		{99CE470A-B742-4555-9777-24E05076B891}.Release|Mixed Platforms.Deploy.0 = Release|Android
		{99CE470A-B742-4555-9777-24E05076B891}.Release|Windows Phone (Universal).ActiveCfg = Release|Windows Phone (Universal)
		{99CE470A-B742-4555-9777-24E05076B891}.Release|Windows Phone (Universal).Build.0 = Release|Windows Phone (Universal)
		{99CE470A-B742-4555-9777-24E05076B891}.Release|Windows Phone (Universal).Deploy.0 = Release|Windows Phone (Universal)
		{99CE470A-B742-4555-9777-24E05076B891}.Release|Windows Phone 8.ActiveCfg = Release|Windows Phone 8
		{99CE470A-B742-4555-9777-24E05076B891}.Release|Windows Phone 8.Build.0 = Release|Windows Phone 8
		{99CE470A-B742-4555-9777-24E05076B891}.Release|Windows Phone 8.Deploy.0 = Release|Windows Phone 8
		{99CE470A-B742-4555-9777-24E05076B891}.Release|Windows-AnyCPU.ActiveCfg = Release|Windows-AnyCPU
		{99CE470A-B742-4555-9777-24E05076B891}.Release|Windows-AnyCPU.Build.0 = Release|Windows-AnyCPU
		{99CE470A-B742-4555-9777-24E05076B891}.Release|Windows-AnyCPU.Deploy.0 = Release|Windows-AnyCPU
		{99CE470A-B742-4555-9777-24E05076B891}.Release|Windows-ARM.ActiveCfg = Release|Windows-ARM
		{99CE470A-B742-4555-9777-24E05076B891}.Release|Windows-ARM.Build.0 = Release|Windows-ARM
		{99CE470A-B742-4555-9777-24E05076B891}.Release|Windows-ARM.Deploy.0 = Release|Windows-ARM
		{99CE470A-B742-4555-9777-24E05076B891}.Release|Windows-x64.ActiveCfg = Release|Windows-x64
		{99CE470A-B742-4555-9777-24E05076B891}.Release|Windows-x64.Build.0 = Release|Windows-x64
		{99CE470A-B742-4555-9777-24E05076B891}.Release|Windows-x64.Deploy.0 = Release|Windows-x64
		{99CE470A-B742-4555-9777-24E05076B891}.Release|Windows-x86.ActiveCfg = Release|Windows-x86
		{99CE470A-B742-4555-9777-24E05076B891}.Release|Windows-x86.Build.0 = Release|Windows-x86
		{99CE470A-B742-4555-9777-24E05076B891}.Release|Windows-x86.Deploy.0 = Release|Windows-x86
		{CF3D5C5C-4B1B-4713-84F5-C9E8B397A975}.Debug|Android.ActiveCfg = Debug|Any CPU
		{CF3D5C5C-4B1B-4713-84F5-C9E8B397A975}.Debug|Android.Build.0 = Debug|Any CPU
		{CF3D5C5C-4B1B-4713-84F5-C9E8B397A975}.Debug|Any CPU.ActiveCfg = Debug|Any CPU
		{CF3D5C5C-4B1B-4713-84F5-C9E8B397A975}.Debug|Any CPU.Build.0 = Debug|Any CPU
		{CF3D5C5C-4B1B-4713-84F5-C9E8B397A975}.Debug|iOS.ActiveCfg = Debug|Any CPU
		{CF3D5C5C-4B1B-4713-84F5-C9E8B397A975}.Debug|iOS.Build.0 = Debug|Any CPU
		{CF3D5C5C-4B1B-4713-84F5-C9E8B397A975}.Debug|iPhone.ActiveCfg = Debug|Any CPU
		{CF3D5C5C-4B1B-4713-84F5-C9E8B397A975}.Debug|iPhone.Build.0 = Debug|Any CPU
		{CF3D5C5C-4B1B-4713-84F5-C9E8B397A975}.Debug|iPhoneSimulator.ActiveCfg = Debug|Any CPU
		{CF3D5C5C-4B1B-4713-84F5-C9E8B397A975}.Debug|iPhoneSimulator.Build.0 = Debug|Any CPU
		{CF3D5C5C-4B1B-4713-84F5-C9E8B397A975}.Debug|Mixed Platforms.ActiveCfg = Debug|Any CPU
		{CF3D5C5C-4B1B-4713-84F5-C9E8B397A975}.Debug|Mixed Platforms.Build.0 = Debug|Any CPU
		{CF3D5C5C-4B1B-4713-84F5-C9E8B397A975}.Debug|Windows Phone (Universal).ActiveCfg = Debug|Any CPU
		{CF3D5C5C-4B1B-4713-84F5-C9E8B397A975}.Debug|Windows Phone (Universal).Build.0 = Debug|Any CPU
		{CF3D5C5C-4B1B-4713-84F5-C9E8B397A975}.Debug|Windows Phone 8.ActiveCfg = Debug|Any CPU
		{CF3D5C5C-4B1B-4713-84F5-C9E8B397A975}.Debug|Windows Phone 8.Build.0 = Debug|Any CPU
		{CF3D5C5C-4B1B-4713-84F5-C9E8B397A975}.Debug|Windows-AnyCPU.ActiveCfg = Debug|Any CPU
		{CF3D5C5C-4B1B-4713-84F5-C9E8B397A975}.Debug|Windows-AnyCPU.Build.0 = Debug|Any CPU
		{CF3D5C5C-4B1B-4713-84F5-C9E8B397A975}.Debug|Windows-ARM.ActiveCfg = Debug|Any CPU
		{CF3D5C5C-4B1B-4713-84F5-C9E8B397A975}.Debug|Windows-ARM.Build.0 = Debug|Any CPU
		{CF3D5C5C-4B1B-4713-84F5-C9E8B397A975}.Debug|Windows-x64.ActiveCfg = Debug|Any CPU
		{CF3D5C5C-4B1B-4713-84F5-C9E8B397A975}.Debug|Windows-x64.Build.0 = Debug|Any CPU
		{CF3D5C5C-4B1B-4713-84F5-C9E8B397A975}.Debug|Windows-x86.ActiveCfg = Debug|Any CPU
		{CF3D5C5C-4B1B-4713-84F5-C9E8B397A975}.Debug|Windows-x86.Build.0 = Debug|Any CPU
		{CF3D5C5C-4B1B-4713-84F5-C9E8B397A975}.Distribution|Android.ActiveCfg = Debug|Any CPU
		{CF3D5C5C-4B1B-4713-84F5-C9E8B397A975}.Distribution|Android.Build.0 = Debug|Any CPU
		{CF3D5C5C-4B1B-4713-84F5-C9E8B397A975}.Distribution|Any CPU.ActiveCfg = Debug|Any CPU
		{CF3D5C5C-4B1B-4713-84F5-C9E8B397A975}.Distribution|Any CPU.Build.0 = Debug|Any CPU
		{CF3D5C5C-4B1B-4713-84F5-C9E8B397A975}.Distribution|iOS.ActiveCfg = Debug|Any CPU
		{CF3D5C5C-4B1B-4713-84F5-C9E8B397A975}.Distribution|iOS.Build.0 = Debug|Any CPU
		{CF3D5C5C-4B1B-4713-84F5-C9E8B397A975}.Distribution|iPhone.ActiveCfg = Debug|Any CPU
		{CF3D5C5C-4B1B-4713-84F5-C9E8B397A975}.Distribution|iPhone.Build.0 = Debug|Any CPU
		{CF3D5C5C-4B1B-4713-84F5-C9E8B397A975}.Distribution|iPhoneSimulator.ActiveCfg = Debug|Any CPU
		{CF3D5C5C-4B1B-4713-84F5-C9E8B397A975}.Distribution|iPhoneSimulator.Build.0 = Debug|Any CPU
		{CF3D5C5C-4B1B-4713-84F5-C9E8B397A975}.Distribution|Mixed Platforms.ActiveCfg = Debug|Any CPU
		{CF3D5C5C-4B1B-4713-84F5-C9E8B397A975}.Distribution|Mixed Platforms.Build.0 = Debug|Any CPU
		{CF3D5C5C-4B1B-4713-84F5-C9E8B397A975}.Distribution|Windows Phone (Universal).ActiveCfg = Debug|Any CPU
		{CF3D5C5C-4B1B-4713-84F5-C9E8B397A975}.Distribution|Windows Phone (Universal).Build.0 = Debug|Any CPU
		{CF3D5C5C-4B1B-4713-84F5-C9E8B397A975}.Distribution|Windows Phone 8.ActiveCfg = Debug|Any CPU
		{CF3D5C5C-4B1B-4713-84F5-C9E8B397A975}.Distribution|Windows Phone 8.Build.0 = Debug|Any CPU
		{CF3D5C5C-4B1B-4713-84F5-C9E8B397A975}.Distribution|Windows-AnyCPU.ActiveCfg = Debug|Any CPU
		{CF3D5C5C-4B1B-4713-84F5-C9E8B397A975}.Distribution|Windows-AnyCPU.Build.0 = Debug|Any CPU
		{CF3D5C5C-4B1B-4713-84F5-C9E8B397A975}.Distribution|Windows-ARM.ActiveCfg = Debug|Any CPU
		{CF3D5C5C-4B1B-4713-84F5-C9E8B397A975}.Distribution|Windows-ARM.Build.0 = Debug|Any CPU
		{CF3D5C5C-4B1B-4713-84F5-C9E8B397A975}.Distribution|Windows-x64.ActiveCfg = Debug|Any CPU
		{CF3D5C5C-4B1B-4713-84F5-C9E8B397A975}.Distribution|Windows-x64.Build.0 = Debug|Any CPU
		{CF3D5C5C-4B1B-4713-84F5-C9E8B397A975}.Distribution|Windows-x86.ActiveCfg = Debug|Any CPU
		{CF3D5C5C-4B1B-4713-84F5-C9E8B397A975}.Distribution|Windows-x86.Build.0 = Debug|Any CPU
		{CF3D5C5C-4B1B-4713-84F5-C9E8B397A975}.Release|Android.ActiveCfg = Release|Any CPU
		{CF3D5C5C-4B1B-4713-84F5-C9E8B397A975}.Release|Android.Build.0 = Release|Any CPU
		{CF3D5C5C-4B1B-4713-84F5-C9E8B397A975}.Release|Any CPU.ActiveCfg = Release|Any CPU
		{CF3D5C5C-4B1B-4713-84F5-C9E8B397A975}.Release|Any CPU.Build.0 = Release|Any CPU
		{CF3D5C5C-4B1B-4713-84F5-C9E8B397A975}.Release|iOS.ActiveCfg = Release|Any CPU
		{CF3D5C5C-4B1B-4713-84F5-C9E8B397A975}.Release|iOS.Build.0 = Release|Any CPU
		{CF3D5C5C-4B1B-4713-84F5-C9E8B397A975}.Release|iPhone.ActiveCfg = Release|Any CPU
		{CF3D5C5C-4B1B-4713-84F5-C9E8B397A975}.Release|iPhone.Build.0 = Release|Any CPU
		{CF3D5C5C-4B1B-4713-84F5-C9E8B397A975}.Release|iPhoneSimulator.ActiveCfg = Release|Any CPU
		{CF3D5C5C-4B1B-4713-84F5-C9E8B397A975}.Release|iPhoneSimulator.Build.0 = Release|Any CPU
		{CF3D5C5C-4B1B-4713-84F5-C9E8B397A975}.Release|Mixed Platforms.ActiveCfg = Release|Any CPU
		{CF3D5C5C-4B1B-4713-84F5-C9E8B397A975}.Release|Mixed Platforms.Build.0 = Release|Any CPU
		{CF3D5C5C-4B1B-4713-84F5-C9E8B397A975}.Release|Windows Phone (Universal).ActiveCfg = Release|Any CPU
		{CF3D5C5C-4B1B-4713-84F5-C9E8B397A975}.Release|Windows Phone (Universal).Build.0 = Release|Any CPU
		{CF3D5C5C-4B1B-4713-84F5-C9E8B397A975}.Release|Windows Phone 8.ActiveCfg = Release|Any CPU
		{CF3D5C5C-4B1B-4713-84F5-C9E8B397A975}.Release|Windows Phone 8.Build.0 = Release|Any CPU
		{CF3D5C5C-4B1B-4713-84F5-C9E8B397A975}.Release|Windows-AnyCPU.ActiveCfg = Release|Any CPU
		{CF3D5C5C-4B1B-4713-84F5-C9E8B397A975}.Release|Windows-AnyCPU.Build.0 = Release|Any CPU
		{CF3D5C5C-4B1B-4713-84F5-C9E8B397A975}.Release|Windows-ARM.ActiveCfg = Release|Any CPU
		{CF3D5C5C-4B1B-4713-84F5-C9E8B397A975}.Release|Windows-ARM.Build.0 = Release|Any CPU
		{CF3D5C5C-4B1B-4713-84F5-C9E8B397A975}.Release|Windows-x64.ActiveCfg = Release|Any CPU
		{CF3D5C5C-4B1B-4713-84F5-C9E8B397A975}.Release|Windows-x64.Build.0 = Release|Any CPU
		{CF3D5C5C-4B1B-4713-84F5-C9E8B397A975}.Release|Windows-x86.ActiveCfg = Release|Any CPU
		{CF3D5C5C-4B1B-4713-84F5-C9E8B397A975}.Release|Windows-x86.Build.0 = Release|Any CPU
		{23FF3F9F-AD71-4BE1-8368-CEB1C24910C7}.Debug|Android.ActiveCfg = Debug|Any CPU
		{23FF3F9F-AD71-4BE1-8368-CEB1C24910C7}.Debug|Android.Build.0 = Debug|Any CPU
		{23FF3F9F-AD71-4BE1-8368-CEB1C24910C7}.Debug|Any CPU.ActiveCfg = Debug|Any CPU
		{23FF3F9F-AD71-4BE1-8368-CEB1C24910C7}.Debug|Any CPU.Build.0 = Debug|Any CPU
		{23FF3F9F-AD71-4BE1-8368-CEB1C24910C7}.Debug|iOS.ActiveCfg = Debug|Any CPU
		{23FF3F9F-AD71-4BE1-8368-CEB1C24910C7}.Debug|iOS.Build.0 = Debug|Any CPU
		{23FF3F9F-AD71-4BE1-8368-CEB1C24910C7}.Debug|iPhone.ActiveCfg = Debug|Any CPU
		{23FF3F9F-AD71-4BE1-8368-CEB1C24910C7}.Debug|iPhone.Build.0 = Debug|Any CPU
		{23FF3F9F-AD71-4BE1-8368-CEB1C24910C7}.Debug|iPhoneSimulator.ActiveCfg = Debug|Any CPU
		{23FF3F9F-AD71-4BE1-8368-CEB1C24910C7}.Debug|iPhoneSimulator.Build.0 = Debug|Any CPU
		{23FF3F9F-AD71-4BE1-8368-CEB1C24910C7}.Debug|Mixed Platforms.ActiveCfg = Debug|Any CPU
		{23FF3F9F-AD71-4BE1-8368-CEB1C24910C7}.Debug|Mixed Platforms.Build.0 = Debug|Any CPU
		{23FF3F9F-AD71-4BE1-8368-CEB1C24910C7}.Debug|Windows Phone (Universal).ActiveCfg = Debug|Any CPU
		{23FF3F9F-AD71-4BE1-8368-CEB1C24910C7}.Debug|Windows Phone (Universal).Build.0 = Debug|Any CPU
		{23FF3F9F-AD71-4BE1-8368-CEB1C24910C7}.Debug|Windows Phone 8.ActiveCfg = Debug|Any CPU
		{23FF3F9F-AD71-4BE1-8368-CEB1C24910C7}.Debug|Windows Phone 8.Build.0 = Debug|Any CPU
		{23FF3F9F-AD71-4BE1-8368-CEB1C24910C7}.Debug|Windows-AnyCPU.ActiveCfg = Debug|Any CPU
		{23FF3F9F-AD71-4BE1-8368-CEB1C24910C7}.Debug|Windows-AnyCPU.Build.0 = Debug|Any CPU
		{23FF3F9F-AD71-4BE1-8368-CEB1C24910C7}.Debug|Windows-ARM.ActiveCfg = Debug|Any CPU
		{23FF3F9F-AD71-4BE1-8368-CEB1C24910C7}.Debug|Windows-ARM.Build.0 = Debug|Any CPU
		{23FF3F9F-AD71-4BE1-8368-CEB1C24910C7}.Debug|Windows-x64.ActiveCfg = Debug|Any CPU
		{23FF3F9F-AD71-4BE1-8368-CEB1C24910C7}.Debug|Windows-x64.Build.0 = Debug|Any CPU
		{23FF3F9F-AD71-4BE1-8368-CEB1C24910C7}.Debug|Windows-x86.ActiveCfg = Debug|Any CPU
		{23FF3F9F-AD71-4BE1-8368-CEB1C24910C7}.Debug|Windows-x86.Build.0 = Debug|Any CPU
		{23FF3F9F-AD71-4BE1-8368-CEB1C24910C7}.Distribution|Android.ActiveCfg = Debug|Any CPU
		{23FF3F9F-AD71-4BE1-8368-CEB1C24910C7}.Distribution|Android.Build.0 = Debug|Any CPU
		{23FF3F9F-AD71-4BE1-8368-CEB1C24910C7}.Distribution|Any CPU.ActiveCfg = Debug|Any CPU
		{23FF3F9F-AD71-4BE1-8368-CEB1C24910C7}.Distribution|Any CPU.Build.0 = Debug|Any CPU
		{23FF3F9F-AD71-4BE1-8368-CEB1C24910C7}.Distribution|iOS.ActiveCfg = Debug|Any CPU
		{23FF3F9F-AD71-4BE1-8368-CEB1C24910C7}.Distribution|iOS.Build.0 = Debug|Any CPU
		{23FF3F9F-AD71-4BE1-8368-CEB1C24910C7}.Distribution|iPhone.ActiveCfg = Debug|Any CPU
		{23FF3F9F-AD71-4BE1-8368-CEB1C24910C7}.Distribution|iPhone.Build.0 = Debug|Any CPU
		{23FF3F9F-AD71-4BE1-8368-CEB1C24910C7}.Distribution|iPhoneSimulator.ActiveCfg = Debug|Any CPU
		{23FF3F9F-AD71-4BE1-8368-CEB1C24910C7}.Distribution|iPhoneSimulator.Build.0 = Debug|Any CPU
		{23FF3F9F-AD71-4BE1-8368-CEB1C24910C7}.Distribution|Mixed Platforms.ActiveCfg = Debug|Any CPU
		{23FF3F9F-AD71-4BE1-8368-CEB1C24910C7}.Distribution|Mixed Platforms.Build.0 = Debug|Any CPU
		{23FF3F9F-AD71-4BE1-8368-CEB1C24910C7}.Distribution|Windows Phone (Universal).ActiveCfg = Debug|Any CPU
		{23FF3F9F-AD71-4BE1-8368-CEB1C24910C7}.Distribution|Windows Phone (Universal).Build.0 = Debug|Any CPU
		{23FF3F9F-AD71-4BE1-8368-CEB1C24910C7}.Distribution|Windows Phone 8.ActiveCfg = Debug|Any CPU
		{23FF3F9F-AD71-4BE1-8368-CEB1C24910C7}.Distribution|Windows Phone 8.Build.0 = Debug|Any CPU
		{23FF3F9F-AD71-4BE1-8368-CEB1C24910C7}.Distribution|Windows-AnyCPU.ActiveCfg = Debug|Any CPU
		{23FF3F9F-AD71-4BE1-8368-CEB1C24910C7}.Distribution|Windows-AnyCPU.Build.0 = Debug|Any CPU
		{23FF3F9F-AD71-4BE1-8368-CEB1C24910C7}.Distribution|Windows-ARM.ActiveCfg = Debug|Any CPU
		{23FF3F9F-AD71-4BE1-8368-CEB1C24910C7}.Distribution|Windows-ARM.Build.0 = Debug|Any CPU
		{23FF3F9F-AD71-4BE1-8368-CEB1C24910C7}.Distribution|Windows-x64.ActiveCfg = Debug|Any CPU
		{23FF3F9F-AD71-4BE1-8368-CEB1C24910C7}.Distribution|Windows-x64.Build.0 = Debug|Any CPU
		{23FF3F9F-AD71-4BE1-8368-CEB1C24910C7}.Distribution|Windows-x86.ActiveCfg = Debug|Any CPU
		{23FF3F9F-AD71-4BE1-8368-CEB1C24910C7}.Distribution|Windows-x86.Build.0 = Debug|Any CPU
		{23FF3F9F-AD71-4BE1-8368-CEB1C24910C7}.Release|Android.ActiveCfg = Release|Any CPU
		{23FF3F9F-AD71-4BE1-8368-CEB1C24910C7}.Release|Android.Build.0 = Release|Any CPU
		{23FF3F9F-AD71-4BE1-8368-CEB1C24910C7}.Release|Any CPU.ActiveCfg = Release|Any CPU
		{23FF3F9F-AD71-4BE1-8368-CEB1C24910C7}.Release|Any CPU.Build.0 = Release|Any CPU
		{23FF3F9F-AD71-4BE1-8368-CEB1C24910C7}.Release|iOS.ActiveCfg = Release|Any CPU
		{23FF3F9F-AD71-4BE1-8368-CEB1C24910C7}.Release|iOS.Build.0 = Release|Any CPU
		{23FF3F9F-AD71-4BE1-8368-CEB1C24910C7}.Release|iPhone.ActiveCfg = Release|Any CPU
		{23FF3F9F-AD71-4BE1-8368-CEB1C24910C7}.Release|iPhone.Build.0 = Release|Any CPU
		{23FF3F9F-AD71-4BE1-8368-CEB1C24910C7}.Release|iPhoneSimulator.ActiveCfg = Release|Any CPU
		{23FF3F9F-AD71-4BE1-8368-CEB1C24910C7}.Release|iPhoneSimulator.Build.0 = Release|Any CPU
		{23FF3F9F-AD71-4BE1-8368-CEB1C24910C7}.Release|Mixed Platforms.ActiveCfg = Release|Any CPU
		{23FF3F9F-AD71-4BE1-8368-CEB1C24910C7}.Release|Mixed Platforms.Build.0 = Release|Any CPU
		{23FF3F9F-AD71-4BE1-8368-CEB1C24910C7}.Release|Windows Phone (Universal).ActiveCfg = Release|Any CPU
		{23FF3F9F-AD71-4BE1-8368-CEB1C24910C7}.Release|Windows Phone (Universal).Build.0 = Release|Any CPU
		{23FF3F9F-AD71-4BE1-8368-CEB1C24910C7}.Release|Windows Phone 8.ActiveCfg = Release|Any CPU
		{23FF3F9F-AD71-4BE1-8368-CEB1C24910C7}.Release|Windows Phone 8.Build.0 = Release|Any CPU
		{23FF3F9F-AD71-4BE1-8368-CEB1C24910C7}.Release|Windows-AnyCPU.ActiveCfg = Release|Any CPU
		{23FF3F9F-AD71-4BE1-8368-CEB1C24910C7}.Release|Windows-AnyCPU.Build.0 = Release|Any CPU
		{23FF3F9F-AD71-4BE1-8368-CEB1C24910C7}.Release|Windows-ARM.ActiveCfg = Release|Any CPU
		{23FF3F9F-AD71-4BE1-8368-CEB1C24910C7}.Release|Windows-ARM.Build.0 = Release|Any CPU
		{23FF3F9F-AD71-4BE1-8368-CEB1C24910C7}.Release|Windows-x64.ActiveCfg = Release|Any CPU
		{23FF3F9F-AD71-4BE1-8368-CEB1C24910C7}.Release|Windows-x64.Build.0 = Release|Any CPU
		{23FF3F9F-AD71-4BE1-8368-CEB1C24910C7}.Release|Windows-x86.ActiveCfg = Release|Any CPU
		{23FF3F9F-AD71-4BE1-8368-CEB1C24910C7}.Release|Windows-x86.Build.0 = Release|Any CPU
		{3709A894-EB73-4820-9D82-69BDD49C7716}.Debug|Android.ActiveCfg = Debug|Any CPU
		{3709A894-EB73-4820-9D82-69BDD49C7716}.Debug|Android.Build.0 = Debug|Any CPU
		{3709A894-EB73-4820-9D82-69BDD49C7716}.Debug|Any CPU.ActiveCfg = Debug|Any CPU
		{3709A894-EB73-4820-9D82-69BDD49C7716}.Debug|Any CPU.Build.0 = Debug|Any CPU
		{3709A894-EB73-4820-9D82-69BDD49C7716}.Debug|iOS.ActiveCfg = Debug|Any CPU
		{3709A894-EB73-4820-9D82-69BDD49C7716}.Debug|iOS.Build.0 = Debug|Any CPU
		{3709A894-EB73-4820-9D82-69BDD49C7716}.Debug|iPhone.ActiveCfg = Debug|Any CPU
		{3709A894-EB73-4820-9D82-69BDD49C7716}.Debug|iPhone.Build.0 = Debug|Any CPU
		{3709A894-EB73-4820-9D82-69BDD49C7716}.Debug|iPhoneSimulator.ActiveCfg = Debug|Any CPU
		{3709A894-EB73-4820-9D82-69BDD49C7716}.Debug|iPhoneSimulator.Build.0 = Debug|Any CPU
		{3709A894-EB73-4820-9D82-69BDD49C7716}.Debug|Mixed Platforms.ActiveCfg = Debug|Any CPU
		{3709A894-EB73-4820-9D82-69BDD49C7716}.Debug|Mixed Platforms.Build.0 = Debug|Any CPU
		{3709A894-EB73-4820-9D82-69BDD49C7716}.Debug|Windows Phone (Universal).ActiveCfg = Debug|Any CPU
		{3709A894-EB73-4820-9D82-69BDD49C7716}.Debug|Windows Phone (Universal).Build.0 = Debug|Any CPU
		{3709A894-EB73-4820-9D82-69BDD49C7716}.Debug|Windows Phone 8.ActiveCfg = Debug|Any CPU
		{3709A894-EB73-4820-9D82-69BDD49C7716}.Debug|Windows Phone 8.Build.0 = Debug|Any CPU
		{3709A894-EB73-4820-9D82-69BDD49C7716}.Debug|Windows-AnyCPU.ActiveCfg = Debug|Any CPU
		{3709A894-EB73-4820-9D82-69BDD49C7716}.Debug|Windows-AnyCPU.Build.0 = Debug|Any CPU
		{3709A894-EB73-4820-9D82-69BDD49C7716}.Debug|Windows-ARM.ActiveCfg = Debug|Any CPU
		{3709A894-EB73-4820-9D82-69BDD49C7716}.Debug|Windows-ARM.Build.0 = Debug|Any CPU
		{3709A894-EB73-4820-9D82-69BDD49C7716}.Debug|Windows-x64.ActiveCfg = Debug|Any CPU
		{3709A894-EB73-4820-9D82-69BDD49C7716}.Debug|Windows-x64.Build.0 = Debug|Any CPU
		{3709A894-EB73-4820-9D82-69BDD49C7716}.Debug|Windows-x86.ActiveCfg = Debug|Any CPU
		{3709A894-EB73-4820-9D82-69BDD49C7716}.Debug|Windows-x86.Build.0 = Debug|Any CPU
		{3709A894-EB73-4820-9D82-69BDD49C7716}.Distribution|Android.ActiveCfg = Debug|Any CPU
		{3709A894-EB73-4820-9D82-69BDD49C7716}.Distribution|Android.Build.0 = Debug|Any CPU
		{3709A894-EB73-4820-9D82-69BDD49C7716}.Distribution|Any CPU.ActiveCfg = Debug|Any CPU
		{3709A894-EB73-4820-9D82-69BDD49C7716}.Distribution|Any CPU.Build.0 = Debug|Any CPU
		{3709A894-EB73-4820-9D82-69BDD49C7716}.Distribution|iOS.ActiveCfg = Debug|Any CPU
		{3709A894-EB73-4820-9D82-69BDD49C7716}.Distribution|iOS.Build.0 = Debug|Any CPU
		{3709A894-EB73-4820-9D82-69BDD49C7716}.Distribution|iPhone.ActiveCfg = Debug|Any CPU
		{3709A894-EB73-4820-9D82-69BDD49C7716}.Distribution|iPhone.Build.0 = Debug|Any CPU
		{3709A894-EB73-4820-9D82-69BDD49C7716}.Distribution|iPhoneSimulator.ActiveCfg = Debug|Any CPU
		{3709A894-EB73-4820-9D82-69BDD49C7716}.Distribution|iPhoneSimulator.Build.0 = Debug|Any CPU
		{3709A894-EB73-4820-9D82-69BDD49C7716}.Distribution|Mixed Platforms.ActiveCfg = Debug|Any CPU
		{3709A894-EB73-4820-9D82-69BDD49C7716}.Distribution|Mixed Platforms.Build.0 = Debug|Any CPU
		{3709A894-EB73-4820-9D82-69BDD49C7716}.Distribution|Windows Phone (Universal).ActiveCfg = Debug|Any CPU
		{3709A894-EB73-4820-9D82-69BDD49C7716}.Distribution|Windows Phone (Universal).Build.0 = Debug|Any CPU
		{3709A894-EB73-4820-9D82-69BDD49C7716}.Distribution|Windows Phone 8.ActiveCfg = Debug|Any CPU
		{3709A894-EB73-4820-9D82-69BDD49C7716}.Distribution|Windows Phone 8.Build.0 = Debug|Any CPU
		{3709A894-EB73-4820-9D82-69BDD49C7716}.Distribution|Windows-AnyCPU.ActiveCfg = Debug|Any CPU
		{3709A894-EB73-4820-9D82-69BDD49C7716}.Distribution|Windows-AnyCPU.Build.0 = Debug|Any CPU
		{3709A894-EB73-4820-9D82-69BDD49C7716}.Distribution|Windows-ARM.ActiveCfg = Debug|Any CPU
		{3709A894-EB73-4820-9D82-69BDD49C7716}.Distribution|Windows-ARM.Build.0 = Debug|Any CPU
		{3709A894-EB73-4820-9D82-69BDD49C7716}.Distribution|Windows-x64.ActiveCfg = Debug|Any CPU
		{3709A894-EB73-4820-9D82-69BDD49C7716}.Distribution|Windows-x64.Build.0 = Debug|Any CPU
		{3709A894-EB73-4820-9D82-69BDD49C7716}.Distribution|Windows-x86.ActiveCfg = Debug|Any CPU
		{3709A894-EB73-4820-9D82-69BDD49C7716}.Distribution|Windows-x86.Build.0 = Debug|Any CPU
		{3709A894-EB73-4820-9D82-69BDD49C7716}.Release|Android.ActiveCfg = Release|Any CPU
		{3709A894-EB73-4820-9D82-69BDD49C7716}.Release|Android.Build.0 = Release|Any CPU
		{3709A894-EB73-4820-9D82-69BDD49C7716}.Release|Any CPU.ActiveCfg = Release|Any CPU
		{3709A894-EB73-4820-9D82-69BDD49C7716}.Release|Any CPU.Build.0 = Release|Any CPU
		{3709A894-EB73-4820-9D82-69BDD49C7716}.Release|iOS.ActiveCfg = Release|Any CPU
		{3709A894-EB73-4820-9D82-69BDD49C7716}.Release|iOS.Build.0 = Release|Any CPU
		{3709A894-EB73-4820-9D82-69BDD49C7716}.Release|iPhone.ActiveCfg = Release|Any CPU
		{3709A894-EB73-4820-9D82-69BDD49C7716}.Release|iPhone.Build.0 = Release|Any CPU
		{3709A894-EB73-4820-9D82-69BDD49C7716}.Release|iPhoneSimulator.ActiveCfg = Release|Any CPU
		{3709A894-EB73-4820-9D82-69BDD49C7716}.Release|iPhoneSimulator.Build.0 = Release|Any CPU
		{3709A894-EB73-4820-9D82-69BDD49C7716}.Release|Mixed Platforms.ActiveCfg = Release|Any CPU
		{3709A894-EB73-4820-9D82-69BDD49C7716}.Release|Mixed Platforms.Build.0 = Release|Any CPU
		{3709A894-EB73-4820-9D82-69BDD49C7716}.Release|Windows Phone (Universal).ActiveCfg = Release|Any CPU
		{3709A894-EB73-4820-9D82-69BDD49C7716}.Release|Windows Phone (Universal).Build.0 = Release|Any CPU
		{3709A894-EB73-4820-9D82-69BDD49C7716}.Release|Windows Phone 8.ActiveCfg = Release|Any CPU
		{3709A894-EB73-4820-9D82-69BDD49C7716}.Release|Windows Phone 8.Build.0 = Release|Any CPU
		{3709A894-EB73-4820-9D82-69BDD49C7716}.Release|Windows-AnyCPU.ActiveCfg = Release|Any CPU
		{3709A894-EB73-4820-9D82-69BDD49C7716}.Release|Windows-AnyCPU.Build.0 = Release|Any CPU
		{3709A894-EB73-4820-9D82-69BDD49C7716}.Release|Windows-ARM.ActiveCfg = Release|Any CPU
		{3709A894-EB73-4820-9D82-69BDD49C7716}.Release|Windows-ARM.Build.0 = Release|Any CPU
		{3709A894-EB73-4820-9D82-69BDD49C7716}.Release|Windows-x64.ActiveCfg = Release|Any CPU
		{3709A894-EB73-4820-9D82-69BDD49C7716}.Release|Windows-x64.Build.0 = Release|Any CPU
		{3709A894-EB73-4820-9D82-69BDD49C7716}.Release|Windows-x86.ActiveCfg = Release|Any CPU
		{3709A894-EB73-4820-9D82-69BDD49C7716}.Release|Windows-x86.Build.0 = Release|Any CPU
	EndGlobalSection
	GlobalSection(SolutionProperties) = preSolution
		HideSolutionNode = FALSE
	EndGlobalSection
EndGlobal
